
Microsoft Visual Studio Solution File, Format Version 12.00
# Visual Studio Version 16
VisualStudioVersion = 16.0.30717.126
MinimumVisualStudioVersion = 10.0.40219.1
Project("{FAE04EC0-301F-11D3-BF4B-00C04F79EFBC}") = "metods", "metods.csproj", "{D221CE58-1849-4A1E-B0BC-8DFC8CB1ECBA}"
EndProject
Global
	GlobalSection(SolutionConfigurationPlatforms) = preSolution
		Debug|Any CPU = Debug|Any CPU
		Release|Any CPU = Release|Any CPU
	EndGlobalSection
	GlobalSection(ProjectConfigurationPlatforms) = postSolution
		{D221CE58-1849-4A1E-B0BC-8DFC8CB1ECBA}.Debug|Any CPU.ActiveCfg = Debug|Any CPU
		{D221CE58-1849-4A1E-B0BC-8DFC8CB1ECBA}.Debug|Any CPU.Build.0 = Debug|Any CPU
		{D221CE58-1849-4A1E-B0BC-8DFC8CB1ECBA}.Release|Any CPU.ActiveCfg = Release|Any CPU
		{D221CE58-1849-4A1E-B0BC-8DFC8CB1ECBA}.Release|Any CPU.Build.0 = Release|Any CPU
	EndGlobalSection
	GlobalSection(SolutionProperties) = preSolution
		HideSolutionNode = FALSE
	EndGlobalSection
	GlobalSection(ExtensibilityGlobals) = postSolution
		SolutionGuid = {0AF5B3BE-4A4E-44B8-B58F-3711977F75AF}
	EndGlobalSection
EndGlobal
